
Microsoft Visual Studio Solution File, Format Version 12.00
# Visual Studio 15
VisualStudioVersion = 15.0.28307.136
MinimumVisualStudioVersion = 10.0.40219.1
Project("{9A19103F-16F7-4668-BE54-9A1E7A4F7556}") = "01.DefineanInterfaceIPerson", "01.DefineanInterfaceIPerson\01.DefineanInterfaceIPerson.csproj", "{2829F82A-4FCE-4B17-BB16-C9E412CB2772}"
EndProject
Project("{9A19103F-16F7-4668-BE54-9A1E7A4F7556}") = "02.Multiple Implementation", "02.Multiple Implementation\02.Multiple Implementation.csproj", "{FD8D0C8C-97AC-4BCF-80BE-ECDD3A8B965D}"
EndProject
Project("{9A19103F-16F7-4668-BE54-9A1E7A4F7556}") = "03.Ferrari", "03.Ferrari\03.Ferrari.csproj", "{F60A3B22-E44E-47A1-B134-0EAE8DEF2101}"
EndProject
Project("{9A19103F-16F7-4668-BE54-9A1E7A4F7556}") = "04.Telephony", "04.Telephony\04.Telephony.csproj", "{19414D7C-F048-431C-A94E-5BF46396C5F2}"
EndProject
Project("{9A19103F-16F7-4668-BE54-9A1E7A4F7556}") = "08.MilitaryElite", "08.MilitaryElite\08.MilitaryElite.csproj", "{EA52F34C-6964-4EE1-BD83-6BACC0CB529A}"
EndProject
Project("{9A19103F-16F7-4668-BE54-9A1E7A4F7556}") = "05.BorderControl", "05.BorderControl\05.BorderControl.csproj", "{3C9145FF-A5D5-4EAA-A405-E3B9F1C7FE4A}"
EndProject
Project("{9A19103F-16F7-4668-BE54-9A1E7A4F7556}") = "06.BirthdayCelebrations", "06.BirthdayCelebrations\06.BirthdayCelebrations.csproj", "{9A174428-A9AB-477D-AC38-BA4F7E8EB0FF}"
EndProject
Project("{9A19103F-16F7-4668-BE54-9A1E7A4F7556}") = "07.FoodShortage", "07.FoodShortage\07.FoodShortage.csproj", "{B51915C1-BD31-4F5F-A9F9-2AC67AEAE65A}"
EndProject
Project("{9A19103F-16F7-4668-BE54-9A1E7A4F7556}") = "09.CollectionHierarchy", "09.CollectionHierarchy\09.CollectionHierarchy.csproj", "{62FC9F81-0CC4-43CD-9C3D-9132C1EE9CC1}"
EndProject
Project("{9A19103F-16F7-4668-BE54-9A1E7A4F7556}") = "10.ExcplicitInterfaces", "10.ExcplicitInterfaces\10.ExcplicitInterfaces.csproj", "{0F198333-160B-4B19-B35D-5859D6A13B52}"
EndProject
Project("{9A19103F-16F7-4668-BE54-9A1E7A4F7556}") = "Shapes", "Circle-Lab\Shapes.csproj", "{2106E11A-1C63-45B3-A1E3-0F7D8A0F386B}"
EndProject
Project("{FAE04EC0-301F-11D3-BF4B-00C04F79EFBC}") = "Cars", "StartUp\Cars.csproj", "{76E46674-9EB8-4054-938B-B677D3E335AC}"
EndProject
Global
	GlobalSection(SolutionConfigurationPlatforms) = preSolution
		Debug|Any CPU = Debug|Any CPU
		Release|Any CPU = Release|Any CPU
	EndGlobalSection
	GlobalSection(ProjectConfigurationPlatforms) = postSolution
		{2829F82A-4FCE-4B17-BB16-C9E412CB2772}.Debug|Any CPU.ActiveCfg = Debug|Any CPU
		{2829F82A-4FCE-4B17-BB16-C9E412CB2772}.Debug|Any CPU.Build.0 = Debug|Any CPU
		{2829F82A-4FCE-4B17-BB16-C9E412CB2772}.Release|Any CPU.ActiveCfg = Release|Any CPU
		{2829F82A-4FCE-4B17-BB16-C9E412CB2772}.Release|Any CPU.Build.0 = Release|Any CPU
		{FD8D0C8C-97AC-4BCF-80BE-ECDD3A8B965D}.Debug|Any CPU.ActiveCfg = Debug|Any CPU
		{FD8D0C8C-97AC-4BCF-80BE-ECDD3A8B965D}.Debug|Any CPU.Build.0 = Debug|Any CPU
		{FD8D0C8C-97AC-4BCF-80BE-ECDD3A8B965D}.Release|Any CPU.ActiveCfg = Release|Any CPU
		{FD8D0C8C-97AC-4BCF-80BE-ECDD3A8B965D}.Release|Any CPU.Build.0 = Release|Any CPU
		{F60A3B22-E44E-47A1-B134-0EAE8DEF2101}.Debug|Any CPU.ActiveCfg = Debug|Any CPU
		{F60A3B22-E44E-47A1-B134-0EAE8DEF2101}.Debug|Any CPU.Build.0 = Debug|Any CPU
		{F60A3B22-E44E-47A1-B134-0EAE8DEF2101}.Release|Any CPU.ActiveCfg = Release|Any CPU
		{F60A3B22-E44E-47A1-B134-0EAE8DEF2101}.Release|Any CPU.Build.0 = Release|Any CPU
		{19414D7C-F048-431C-A94E-5BF46396C5F2}.Debug|Any CPU.ActiveCfg = Debug|Any CPU
		{19414D7C-F048-431C-A94E-5BF46396C5F2}.Debug|Any CPU.Build.0 = Debug|Any CPU
		{19414D7C-F048-431C-A94E-5BF46396C5F2}.Release|Any CPU.ActiveCfg = Release|Any CPU
		{19414D7C-F048-431C-A94E-5BF46396C5F2}.Release|Any CPU.Build.0 = Release|Any CPU
		{EA52F34C-6964-4EE1-BD83-6BACC0CB529A}.Debug|Any CPU.ActiveCfg = Debug|Any CPU
		{EA52F34C-6964-4EE1-BD83-6BACC0CB529A}.Debug|Any CPU.Build.0 = Debug|Any CPU
		{EA52F34C-6964-4EE1-BD83-6BACC0CB529A}.Release|Any CPU.ActiveCfg = Release|Any CPU
		{EA52F34C-6964-4EE1-BD83-6BACC0CB529A}.Release|Any CPU.Build.0 = Release|Any CPU
		{3C9145FF-A5D5-4EAA-A405-E3B9F1C7FE4A}.Debug|Any CPU.ActiveCfg = Debug|Any CPU
		{3C9145FF-A5D5-4EAA-A405-E3B9F1C7FE4A}.Debug|Any CPU.Build.0 = Debug|Any CPU
		{3C9145FF-A5D5-4EAA-A405-E3B9F1C7FE4A}.Release|Any CPU.ActiveCfg = Release|Any CPU
		{3C9145FF-A5D5-4EAA-A405-E3B9F1C7FE4A}.Release|Any CPU.Build.0 = Release|Any CPU
		{9A174428-A9AB-477D-AC38-BA4F7E8EB0FF}.Debug|Any CPU.ActiveCfg = Debug|Any CPU
		{9A174428-A9AB-477D-AC38-BA4F7E8EB0FF}.Debug|Any CPU.Build.0 = Debug|Any CPU
		{9A174428-A9AB-477D-AC38-BA4F7E8EB0FF}.Release|Any CPU.ActiveCfg = Release|Any CPU
		{9A174428-A9AB-477D-AC38-BA4F7E8EB0FF}.Release|Any CPU.Build.0 = Release|Any CPU
		{B51915C1-BD31-4F5F-A9F9-2AC67AEAE65A}.Debug|Any CPU.ActiveCfg = Debug|Any CPU
		{B51915C1-BD31-4F5F-A9F9-2AC67AEAE65A}.Debug|Any CPU.Build.0 = Debug|Any CPU
		{B51915C1-BD31-4F5F-A9F9-2AC67AEAE65A}.Release|Any CPU.ActiveCfg = Release|Any CPU
		{B51915C1-BD31-4F5F-A9F9-2AC67AEAE65A}.Release|Any CPU.Build.0 = Release|Any CPU
		{62FC9F81-0CC4-43CD-9C3D-9132C1EE9CC1}.Debug|Any CPU.ActiveCfg = Debug|Any CPU
		{62FC9F81-0CC4-43CD-9C3D-9132C1EE9CC1}.Debug|Any CPU.Build.0 = Debug|Any CPU
		{62FC9F81-0CC4-43CD-9C3D-9132C1EE9CC1}.Release|Any CPU.ActiveCfg = Release|Any CPU
		{62FC9F81-0CC4-43CD-9C3D-9132C1EE9CC1}.Release|Any CPU.Build.0 = Release|Any CPU
		{0F198333-160B-4B19-B35D-5859D6A13B52}.Debug|Any CPU.ActiveCfg = Debug|Any CPU
		{0F198333-160B-4B19-B35D-5859D6A13B52}.Debug|Any CPU.Build.0 = Debug|Any CPU
		{0F198333-160B-4B19-B35D-5859D6A13B52}.Release|Any CPU.ActiveCfg = Release|Any CPU
		{0F198333-160B-4B19-B35D-5859D6A13B52}.Release|Any CPU.Build.0 = Release|Any CPU
		{2106E11A-1C63-45B3-A1E3-0F7D8A0F386B}.Debug|Any CPU.ActiveCfg = Debug|Any CPU
		{2106E11A-1C63-45B3-A1E3-0F7D8A0F386B}.Debug|Any CPU.Build.0 = Debug|Any CPU
		{2106E11A-1C63-45B3-A1E3-0F7D8A0F386B}.Release|Any CPU.ActiveCfg = Release|Any CPU
		{2106E11A-1C63-45B3-A1E3-0F7D8A0F386B}.Release|Any CPU.Build.0 = Release|Any CPU
		{76E46674-9EB8-4054-938B-B677D3E335AC}.Debug|Any CPU.ActiveCfg = Debug|Any CPU
		{76E46674-9EB8-4054-938B-B677D3E335AC}.Debug|Any CPU.Build.0 = Debug|Any CPU
		{76E46674-9EB8-4054-938B-B677D3E335AC}.Release|Any CPU.ActiveCfg = Release|Any CPU
		{76E46674-9EB8-4054-938B-B677D3E335AC}.Release|Any CPU.Build.0 = Release|Any CPU
	EndGlobalSection
	GlobalSection(SolutionProperties) = preSolution
		HideSolutionNode = FALSE
	EndGlobalSection
	GlobalSection(ExtensibilityGlobals) = postSolution
		SolutionGuid = {B9AF4DFF-BAFA-46DF-950A-7C48DDD44FA4}
	EndGlobalSection
EndGlobal
