
Microsoft Visual Studio Solution File, Format Version 12.00
# Visual Studio 15
VisualStudioVersion = 15.0.28307.136
MinimumVisualStudioVersion = 10.0.40219.1
Project("{9A19103F-16F7-4668-BE54-9A1E7A4F7556}") = "01.DefineanInterfaceIPerson", "01.DefineanInterfaceIPerson\01.DefineanInterfaceIPerson.csproj", "{2829F82A-4FCE-4B17-BB16-C9E412CB2772}"
EndProject
Project("{9A19103F-16F7-4668-BE54-9A1E7A4F7556}") = "02.Multiple Implementation", "02.Multiple Implementation\02.Multiple Implementation.csproj", "{FD8D0C8C-97AC-4BCF-80BE-ECDD3A8B965D}"
EndProject
Project("{9A19103F-16F7-4668-BE54-9A1E7A4F7556}") = "03.Ferrari", "03.Ferrari\03.Ferrari.csproj", "{F60A3B22-E44E-47A1-B134-0EAE8DEF2101}"
EndProject
Project("{9A19103F-16F7-4668-BE54-9A1E7A4F7556}") = "04.Telephony", "04.Telephony\04.Telephony.csproj", "{19414D7C-F048-431C-A94E-5BF46396C5F2}"
EndProject
Project("{9A19103F-16F7-4668-BE54-9A1E7A4F7556}") = "08.MilitaryElite", "08.MilitaryElite\08.MilitaryElite.csproj", "{EA52F34C-6964-4EE1-BD83-6BACC0CB529A}"
EndProject
Project("{FAE04EC0-301F-11D3-BF4B-00C04F79EFBC}") = "05.BorderControl", "05.BorderControl\05.BorderControl.csproj", "{3C9145FF-A5D5-4EAA-A405-E3B9F1C7FE4A}"
EndProject
Project("{FAE04EC0-301F-11D3-BF4B-00C04F79EFBC}") = "06.BirthdayCelebrations", "06.BirthdayCelebrations\06.BirthdayCelebrations.csproj", "{9A174428-A9AB-477D-AC38-BA4F7E8EB0FF}"
EndProject
Project("{FAE04EC0-301F-11D3-BF4B-00C04F79EFBC}") = "PersonInfo", "PersonInfo\PersonInfo.csproj", "{9150B6DA-BB2C-48BD-859A-EDCB8C9AA44E}"
EndProject
Global
	GlobalSection(SolutionConfigurationPlatforms) = preSolution
		Debug|Any CPU = Debug|Any CPU
		Release|Any CPU = Release|Any CPU
	EndGlobalSection
	GlobalSection(ProjectConfigurationPlatforms) = postSolution
		{2829F82A-4FCE-4B17-BB16-C9E412CB2772}.Debug|Any CPU.ActiveCfg = Debug|Any CPU
		{2829F82A-4FCE-4B17-BB16-C9E412CB2772}.Debug|Any CPU.Build.0 = Debug|Any CPU
		{2829F82A-4FCE-4B17-BB16-C9E412CB2772}.Release|Any CPU.ActiveCfg = Release|Any CPU
		{2829F82A-4FCE-4B17-BB16-C9E412CB2772}.Release|Any CPU.Build.0 = Release|Any CPU
		{FD8D0C8C-97AC-4BCF-80BE-ECDD3A8B965D}.Debug|Any CPU.ActiveCfg = Debug|Any CPU
		{FD8D0C8C-97AC-4BCF-80BE-ECDD3A8B965D}.Debug|Any CPU.Build.0 = Debug|Any CPU
		{FD8D0C8C-97AC-4BCF-80BE-ECDD3A8B965D}.Release|Any CPU.ActiveCfg = Release|Any CPU
		{FD8D0C8C-97AC-4BCF-80BE-ECDD3A8B965D}.Release|Any CPU.Build.0 = Release|Any CPU
		{F60A3B22-E44E-47A1-B134-0EAE8DEF2101}.Debug|Any CPU.ActiveCfg = Debug|Any CPU
		{F60A3B22-E44E-47A1-B134-0EAE8DEF2101}.Debug|Any CPU.Build.0 = Debug|Any CPU
		{F60A3B22-E44E-47A1-B134-0EAE8DEF2101}.Release|Any CPU.ActiveCfg = Release|Any CPU
		{F60A3B22-E44E-47A1-B134-0EAE8DEF2101}.Release|Any CPU.Build.0 = Release|Any CPU
		{19414D7C-F048-431C-A94E-5BF46396C5F2}.Debug|Any CPU.ActiveCfg = Debug|Any CPU
		{19414D7C-F048-431C-A94E-5BF46396C5F2}.Debug|Any CPU.Build.0 = Debug|Any CPU
		{19414D7C-F048-431C-A94E-5BF46396C5F2}.Release|Any CPU.ActiveCfg = Release|Any CPU
		{19414D7C-F048-431C-A94E-5BF46396C5F2}.Release|Any CPU.Build.0 = Release|Any CPU
		{EA52F34C-6964-4EE1-BD83-6BACC0CB529A}.Debug|Any CPU.ActiveCfg = Debug|Any CPU
		{EA52F34C-6964-4EE1-BD83-6BACC0CB529A}.Debug|Any CPU.Build.0 = Debug|Any CPU
		{EA52F34C-6964-4EE1-BD83-6BACC0CB529A}.Release|Any CPU.ActiveCfg = Release|Any CPU
		{EA52F34C-6964-4EE1-BD83-6BACC0CB529A}.Release|Any CPU.Build.0 = Release|Any CPU
		{3C9145FF-A5D5-4EAA-A405-E3B9F1C7FE4A}.Debug|Any CPU.ActiveCfg = Debug|Any CPU
		{3C9145FF-A5D5-4EAA-A405-E3B9F1C7FE4A}.Debug|Any CPU.Build.0 = Debug|Any CPU
		{3C9145FF-A5D5-4EAA-A405-E3B9F1C7FE4A}.Release|Any CPU.ActiveCfg = Release|Any CPU
		{3C9145FF-A5D5-4EAA-A405-E3B9F1C7FE4A}.Release|Any CPU.Build.0 = Release|Any CPU
		{9A174428-A9AB-477D-AC38-BA4F7E8EB0FF}.Debug|Any CPU.ActiveCfg = Debug|Any CPU
		{9A174428-A9AB-477D-AC38-BA4F7E8EB0FF}.Debug|Any CPU.Build.0 = Debug|Any CPU
		{9A174428-A9AB-477D-AC38-BA4F7E8EB0FF}.Release|Any CPU.ActiveCfg = Release|Any CPU
		{9A174428-A9AB-477D-AC38-BA4F7E8EB0FF}.Release|Any CPU.Build.0 = Release|Any CPU
		{9150B6DA-BB2C-48BD-859A-EDCB8C9AA44E}.Debug|Any CPU.ActiveCfg = Debug|Any CPU
		{9150B6DA-BB2C-48BD-859A-EDCB8C9AA44E}.Debug|Any CPU.Build.0 = Debug|Any CPU
		{9150B6DA-BB2C-48BD-859A-EDCB8C9AA44E}.Release|Any CPU.ActiveCfg = Release|Any CPU
		{9150B6DA-BB2C-48BD-859A-EDCB8C9AA44E}.Release|Any CPU.Build.0 = Release|Any CPU
	EndGlobalSection
	GlobalSection(SolutionProperties) = preSolution
		HideSolutionNode = FALSE
	EndGlobalSection
	GlobalSection(ExtensibilityGlobals) = postSolution
		SolutionGuid = {B9AF4DFF-BAFA-46DF-950A-7C48DDD44FA4}
	EndGlobalSection
EndGlobal
