
Microsoft Visual Studio Solution File, Format Version 12.00
# Visual Studio 15
VisualStudioVersion = 15.0.28010.2046
MinimumVisualStudioVersion = 10.0.40219.1
Project("{FAE04EC0-301F-11D3-BF4B-00C04F79EFBC}") = "01.Define a Class Person", "01.Define a Class Person\01.Define a Class Person.csproj", "{89E9A6D9-B16D-409A-ACC0-F1EB815E9257}"
EndProject
Global
	GlobalSection(SolutionConfigurationPlatforms) = preSolution
		Debug|Any CPU = Debug|Any CPU
		Release|Any CPU = Release|Any CPU
	EndGlobalSection
	GlobalSection(ProjectConfigurationPlatforms) = postSolution
		{89E9A6D9-B16D-409A-ACC0-F1EB815E9257}.Debug|Any CPU.ActiveCfg = Debug|Any CPU
		{89E9A6D9-B16D-409A-ACC0-F1EB815E9257}.Debug|Any CPU.Build.0 = Debug|Any CPU
		{89E9A6D9-B16D-409A-ACC0-F1EB815E9257}.Release|Any CPU.ActiveCfg = Release|Any CPU
		{89E9A6D9-B16D-409A-ACC0-F1EB815E9257}.Release|Any CPU.Build.0 = Release|Any CPU
	EndGlobalSection
	GlobalSection(SolutionProperties) = preSolution
		HideSolutionNode = FALSE
	EndGlobalSection
	GlobalSection(ExtensibilityGlobals) = postSolution
		SolutionGuid = {5B315764-7C45-4916-800E-B001CA6D2C39}
	EndGlobalSection
EndGlobal
