
Microsoft Visual Studio Solution File, Format Version 12.00
# Visual Studio 15
VisualStudioVersion = 15.0.28010.2046
MinimumVisualStudioVersion = 10.0.40219.1
Project("{9A19103F-16F7-4668-BE54-9A1E7A4F7556}") = "01.Define a Class Person", "01.Define a Class Person\01.Define a Class Person.csproj", "{89E9A6D9-B16D-409A-ACC0-F1EB815E9257}"
EndProject
Project("{9A19103F-16F7-4668-BE54-9A1E7A4F7556}") = "02.Creating Constructors", "02.Creating Constructors\02.Creating Constructors.csproj", "{B5726C50-DCB4-4639-AE30-40B64F70A06E}"
EndProject
Project("{9A19103F-16F7-4668-BE54-9A1E7A4F7556}") = "06.Company Roster", "06.Company Roster\06.Company Roster.csproj", "{02C88C95-9EF0-4F9C-832F-E7BF4FECDA9F}"
EndProject
Project("{FAE04EC0-301F-11D3-BF4B-00C04F79EFBC}") = "13.FamilyTree", "13.FamilyTree\13.FamilyTree.csproj", "{1CBFB3E8-37A3-4E9A-9E15-0E2E5D61816C}"
EndProject
Project("{FAE04EC0-301F-11D3-BF4B-00C04F79EFBC}") = "03.Oldest Family Member", "03.Oldest Family Member\03.Oldest Family Member.csproj", "{2941CADE-663A-4A52-84CA-A5D9DB7D42FF}"
EndProject
Project("{FAE04EC0-301F-11D3-BF4B-00C04F79EFBC}") = "04.Opinion Poll", "04.Opinion Poll\04.Opinion Poll.csproj", "{54002EE9-2B35-49B6-99AC-31B4EEB69599}"
EndProject
Project("{FAE04EC0-301F-11D3-BF4B-00C04F79EFBC}") = "05.DateModifier", "05.DateModifier\05.DateModifier.csproj", "{588921FE-8215-41A2-B9BB-5435B949285A}"
EndProject
Global
	GlobalSection(SolutionConfigurationPlatforms) = preSolution
		Debug|Any CPU = Debug|Any CPU
		Release|Any CPU = Release|Any CPU
	EndGlobalSection
	GlobalSection(ProjectConfigurationPlatforms) = postSolution
		{89E9A6D9-B16D-409A-ACC0-F1EB815E9257}.Debug|Any CPU.ActiveCfg = Debug|Any CPU
		{89E9A6D9-B16D-409A-ACC0-F1EB815E9257}.Debug|Any CPU.Build.0 = Debug|Any CPU
		{89E9A6D9-B16D-409A-ACC0-F1EB815E9257}.Release|Any CPU.ActiveCfg = Release|Any CPU
		{89E9A6D9-B16D-409A-ACC0-F1EB815E9257}.Release|Any CPU.Build.0 = Release|Any CPU
		{B5726C50-DCB4-4639-AE30-40B64F70A06E}.Debug|Any CPU.ActiveCfg = Debug|Any CPU
		{B5726C50-DCB4-4639-AE30-40B64F70A06E}.Debug|Any CPU.Build.0 = Debug|Any CPU
		{B5726C50-DCB4-4639-AE30-40B64F70A06E}.Release|Any CPU.ActiveCfg = Release|Any CPU
		{B5726C50-DCB4-4639-AE30-40B64F70A06E}.Release|Any CPU.Build.0 = Release|Any CPU
		{02C88C95-9EF0-4F9C-832F-E7BF4FECDA9F}.Debug|Any CPU.ActiveCfg = Debug|Any CPU
		{02C88C95-9EF0-4F9C-832F-E7BF4FECDA9F}.Debug|Any CPU.Build.0 = Debug|Any CPU
		{02C88C95-9EF0-4F9C-832F-E7BF4FECDA9F}.Release|Any CPU.ActiveCfg = Release|Any CPU
		{02C88C95-9EF0-4F9C-832F-E7BF4FECDA9F}.Release|Any CPU.Build.0 = Release|Any CPU
		{1CBFB3E8-37A3-4E9A-9E15-0E2E5D61816C}.Debug|Any CPU.ActiveCfg = Debug|Any CPU
		{1CBFB3E8-37A3-4E9A-9E15-0E2E5D61816C}.Debug|Any CPU.Build.0 = Debug|Any CPU
		{1CBFB3E8-37A3-4E9A-9E15-0E2E5D61816C}.Release|Any CPU.ActiveCfg = Release|Any CPU
		{1CBFB3E8-37A3-4E9A-9E15-0E2E5D61816C}.Release|Any CPU.Build.0 = Release|Any CPU
		{2941CADE-663A-4A52-84CA-A5D9DB7D42FF}.Debug|Any CPU.ActiveCfg = Debug|Any CPU
		{2941CADE-663A-4A52-84CA-A5D9DB7D42FF}.Debug|Any CPU.Build.0 = Debug|Any CPU
		{2941CADE-663A-4A52-84CA-A5D9DB7D42FF}.Release|Any CPU.ActiveCfg = Release|Any CPU
		{2941CADE-663A-4A52-84CA-A5D9DB7D42FF}.Release|Any CPU.Build.0 = Release|Any CPU
		{54002EE9-2B35-49B6-99AC-31B4EEB69599}.Debug|Any CPU.ActiveCfg = Debug|Any CPU
		{54002EE9-2B35-49B6-99AC-31B4EEB69599}.Debug|Any CPU.Build.0 = Debug|Any CPU
		{54002EE9-2B35-49B6-99AC-31B4EEB69599}.Release|Any CPU.ActiveCfg = Release|Any CPU
		{54002EE9-2B35-49B6-99AC-31B4EEB69599}.Release|Any CPU.Build.0 = Release|Any CPU
		{588921FE-8215-41A2-B9BB-5435B949285A}.Debug|Any CPU.ActiveCfg = Debug|Any CPU
		{588921FE-8215-41A2-B9BB-5435B949285A}.Debug|Any CPU.Build.0 = Debug|Any CPU
		{588921FE-8215-41A2-B9BB-5435B949285A}.Release|Any CPU.ActiveCfg = Release|Any CPU
		{588921FE-8215-41A2-B9BB-5435B949285A}.Release|Any CPU.Build.0 = Release|Any CPU
	EndGlobalSection
	GlobalSection(SolutionProperties) = preSolution
		HideSolutionNode = FALSE
	EndGlobalSection
	GlobalSection(ExtensibilityGlobals) = postSolution
		SolutionGuid = {5B315764-7C45-4916-800E-B001CA6D2C39}
	EndGlobalSection
EndGlobal
